
Microsoft Visual Studio Solution File, Format Version 12.00
# Visual Studio Version 17
VisualStudioVersion = 17.13.35931.197 d17.13
MinimumVisualStudioVersion = 10.0.40219.1
Project("{8BC9CEB8-8B4A-11D0-8D11-00A0C91BC942}") = "Somar_c_Saturtion", "Somar_c_Saturtion.vcxproj", "{DCC55BA1-E477-48F8-9573-F887875633F2}"
EndProject
Global
	GlobalSection(SolutionConfigurationPlatforms) = preSolution
		Debug|x64 = Debug|x64
		Debug|x86 = Debug|x86
		Release|x64 = Release|x64
		Release|x86 = Release|x86
	EndGlobalSection
	GlobalSection(ProjectConfigurationPlatforms) = postSolution
		{DCC55BA1-E477-48F8-9573-F887875633F2}.Debug|x64.ActiveCfg = Debug|x64
		{DCC55BA1-E477-48F8-9573-F887875633F2}.Debug|x64.Build.0 = Debug|x64
		{DCC55BA1-E477-48F8-9573-F887875633F2}.Debug|x86.ActiveCfg = Debug|Win32
		{DCC55BA1-E477-48F8-9573-F887875633F2}.Debug|x86.Build.0 = Debug|Win32
		{DCC55BA1-E477-48F8-9573-F887875633F2}.Release|x64.ActiveCfg = Release|x64
		{DCC55BA1-E477-48F8-9573-F887875633F2}.Release|x64.Build.0 = Release|x64
		{DCC55BA1-E477-48F8-9573-F887875633F2}.Release|x86.ActiveCfg = Release|Win32
		{DCC55BA1-E477-48F8-9573-F887875633F2}.Release|x86.Build.0 = Release|Win32
	EndGlobalSection
	GlobalSection(SolutionProperties) = preSolution
		HideSolutionNode = FALSE
	EndGlobalSection
	GlobalSection(ExtensibilityGlobals) = postSolution
		SolutionGuid = {E5840D4E-8B7D-4B91-AE3C-CF9C7FFC1C8E}
	EndGlobalSection
EndGlobal
